{
  "name": "upcycleapp",
  "requires": true,
  "lockfileVersion": 1,
  "dependencies": {
    "datatables.net": {
      "version": "1.10.16",
      "resolved": "https://registry.npmjs.org/datatables.net/-/datatables.net-1.10.16.tgz",
      "integrity": "sha1-SwUtEIKCQmG2ju2dInQbcR09JGk=",
      "requires": {
        "jquery": "3.3.1"
      }
    },
    "datatables.net-autofill": {
      "version": "2.2.2",
      "resolved": "https://registry.npmjs.org/datatables.net-autofill/-/datatables.net-autofill-2.2.2.tgz",
      "integrity": "sha1-gIfUG+k8dmKmCF6PCNRJDDj25cM=",
      "requires": {
        "datatables.net": "1.10.16",
        "jquery": "3.3.1"
      }
    },
    "datatables.net-autofill-bs": {
      "version": "2.0.0",
      "resolved": "https://registry.npmjs.org/datatables.net-autofill-bs/-/datatables.net-autofill-bs-2.0.0.tgz",
      "integrity": "sha1-POWYEc9v0dBhuWe8A8Ex9e+eS1I=",
      "requires": {
        "datatables.net-autofill": "2.2.2",
        "datatables.net-bs": "1.10.16",
        "jquery": "3.3.1"
      }
    },
    "datatables.net-bs": {
      "version": "1.10.16",
      "resolved": "https://registry.npmjs.org/datatables.net-bs/-/datatables.net-bs-1.10.16.tgz",
      "integrity": "sha1-sIVPWzdPcTrj20FWx86op2DD3nY=",
      "requires": {
        "datatables.net": "1.10.16",
        "jquery": "3.3.1"
      }
    },
    "datatables.net-fixedheader": {
      "version": "3.1.3",
      "resolved": "https://registry.npmjs.org/datatables.net-fixedheader/-/datatables.net-fixedheader-3.1.3.tgz",
      "integrity": "sha1-rPwTg1d6DVRvXQISc9rGroi/7VE=",
      "requires": {
        "datatables.net": "1.10.16",
        "jquery": "3.3.1"
      }
    },
    "datatables.net-fixedheader-bs": {
      "version": "3.1.3",
      "resolved": "https://registry.npmjs.org/datatables.net-fixedheader-bs/-/datatables.net-fixedheader-bs-3.1.3.tgz",
      "integrity": "sha1-L3iOJ6lurvyYD4tRsGRIzImKGXA=",
      "requires": {
        "datatables.net-bs": "1.10.16",
        "datatables.net-fixedheader": "3.1.3",
        "jquery": "3.3.1"
      }
    },
    "jquery": {
      "version": "3.3.1",
      "resolved": "https://registry.npmjs.org/jquery/-/jquery-3.3.1.tgz",
      "integrity": "sha512-Ubldcmxp5np52/ENotGxlLe6aGMvmF4R8S6tZjsP6Knsaxd/xp3Zrh50cG93lR6nPXyUFwzN3ZSOQI0wRJNdGg=="
    }
  }
}
